
Microsoft Visual Studio Solution File, Format Version 12.00
# Visual Studio Version 16
VisualStudioVersion = 16.0.30011.22
MinimumVisualStudioVersion = 10.0.40219.1
Project("{FAE04EC0-301F-11D3-BF4B-00C04F79EFBC}") = "ClubersProviderMobile.Prism", "ClubersProviderMobile.Prism\ClubersProviderMobile.Prism\ClubersProviderMobile.Prism.csproj", "{BF4456C2-B1ED-4FEB-9DAC-6B08B81BB7FD}"
EndProject
Project("{FAE04EC0-301F-11D3-BF4B-00C04F79EFBC}") = "ClubersProviderMobile.Prism.Android", "ClubersProviderMobile.Prism\ClubersProviderMobile.Prism.Android\ClubersProviderMobile.Prism.Android.csproj", "{9E34C22F-AE6B-4CAC-BCB8-D64F2CDE5B2F}"
EndProject
Project("{FAE04EC0-301F-11D3-BF4B-00C04F79EFBC}") = "ClubersProviderMobile.Prism.iOS", "ClubersProviderMobile.Prism\ClubersProviderMobile.Prism.iOS\ClubersProviderMobile.Prism.iOS.csproj", "{722D2914-37F6-4F20-9921-DA74F06C5031}"
EndProject
Global
	GlobalSection(SolutionConfigurationPlatforms) = preSolution
		Ad-Hoc|Any CPU = Ad-Hoc|Any CPU
		Ad-Hoc|iPhone = Ad-Hoc|iPhone
		Ad-Hoc|iPhoneSimulator = Ad-Hoc|iPhoneSimulator
		AppStore|Any CPU = AppStore|Any CPU
		AppStore|iPhone = AppStore|iPhone
		AppStore|iPhoneSimulator = AppStore|iPhoneSimulator
		Debug|Any CPU = Debug|Any CPU
		Debug|iPhone = Debug|iPhone
		Debug|iPhoneSimulator = Debug|iPhoneSimulator
		Release|Any CPU = Release|Any CPU
		Release|iPhone = Release|iPhone
		Release|iPhoneSimulator = Release|iPhoneSimulator
	EndGlobalSection
	GlobalSection(ProjectConfigurationPlatforms) = postSolution
		{BF4456C2-B1ED-4FEB-9DAC-6B08B81BB7FD}.Ad-Hoc|Any CPU.ActiveCfg = Debug|Any CPU
		{BF4456C2-B1ED-4FEB-9DAC-6B08B81BB7FD}.Ad-Hoc|Any CPU.Build.0 = Debug|Any CPU
		{BF4456C2-B1ED-4FEB-9DAC-6B08B81BB7FD}.Ad-Hoc|iPhone.ActiveCfg = Debug|Any CPU
		{BF4456C2-B1ED-4FEB-9DAC-6B08B81BB7FD}.Ad-Hoc|iPhone.Build.0 = Debug|Any CPU
		{BF4456C2-B1ED-4FEB-9DAC-6B08B81BB7FD}.Ad-Hoc|iPhoneSimulator.ActiveCfg = Debug|Any CPU
		{BF4456C2-B1ED-4FEB-9DAC-6B08B81BB7FD}.Ad-Hoc|iPhoneSimulator.Build.0 = Debug|Any CPU
		{BF4456C2-B1ED-4FEB-9DAC-6B08B81BB7FD}.AppStore|Any CPU.ActiveCfg = Debug|Any CPU
		{BF4456C2-B1ED-4FEB-9DAC-6B08B81BB7FD}.AppStore|Any CPU.Build.0 = Debug|Any CPU
		{BF4456C2-B1ED-4FEB-9DAC-6B08B81BB7FD}.AppStore|iPhone.ActiveCfg = Debug|Any CPU
		{BF4456C2-B1ED-4FEB-9DAC-6B08B81BB7FD}.AppStore|iPhone.Build.0 = Debug|Any CPU
		{BF4456C2-B1ED-4FEB-9DAC-6B08B81BB7FD}.AppStore|iPhoneSimulator.ActiveCfg = Debug|Any CPU
		{BF4456C2-B1ED-4FEB-9DAC-6B08B81BB7FD}.AppStore|iPhoneSimulator.Build.0 = Debug|Any CPU
		{BF4456C2-B1ED-4FEB-9DAC-6B08B81BB7FD}.Debug|Any CPU.ActiveCfg = Debug|Any CPU
		{BF4456C2-B1ED-4FEB-9DAC-6B08B81BB7FD}.Debug|Any CPU.Build.0 = Debug|Any CPU
		{BF4456C2-B1ED-4FEB-9DAC-6B08B81BB7FD}.Debug|iPhone.ActiveCfg = Debug|Any CPU
		{BF4456C2-B1ED-4FEB-9DAC-6B08B81BB7FD}.Debug|iPhone.Build.0 = Debug|Any CPU
		{BF4456C2-B1ED-4FEB-9DAC-6B08B81BB7FD}.Debug|iPhoneSimulator.ActiveCfg = Debug|Any CPU
		{BF4456C2-B1ED-4FEB-9DAC-6B08B81BB7FD}.Debug|iPhoneSimulator.Build.0 = Debug|Any CPU
		{BF4456C2-B1ED-4FEB-9DAC-6B08B81BB7FD}.Release|Any CPU.ActiveCfg = Release|Any CPU
		{BF4456C2-B1ED-4FEB-9DAC-6B08B81BB7FD}.Release|Any CPU.Build.0 = Release|Any CPU
		{BF4456C2-B1ED-4FEB-9DAC-6B08B81BB7FD}.Release|iPhone.ActiveCfg = Release|Any CPU
		{BF4456C2-B1ED-4FEB-9DAC-6B08B81BB7FD}.Release|iPhone.Build.0 = Release|Any CPU
		{BF4456C2-B1ED-4FEB-9DAC-6B08B81BB7FD}.Release|iPhoneSimulator.ActiveCfg = Release|Any CPU
		{BF4456C2-B1ED-4FEB-9DAC-6B08B81BB7FD}.Release|iPhoneSimulator.Build.0 = Release|Any CPU
		{9E34C22F-AE6B-4CAC-BCB8-D64F2CDE5B2F}.Ad-Hoc|Any CPU.ActiveCfg = Release|Any CPU
		{9E34C22F-AE6B-4CAC-BCB8-D64F2CDE5B2F}.Ad-Hoc|Any CPU.Build.0 = Release|Any CPU
		{9E34C22F-AE6B-4CAC-BCB8-D64F2CDE5B2F}.Ad-Hoc|Any CPU.Deploy.0 = Release|Any CPU
		{9E34C22F-AE6B-4CAC-BCB8-D64F2CDE5B2F}.Ad-Hoc|iPhone.ActiveCfg = Release|Any CPU
		{9E34C22F-AE6B-4CAC-BCB8-D64F2CDE5B2F}.Ad-Hoc|iPhone.Build.0 = Release|Any CPU
		{9E34C22F-AE6B-4CAC-BCB8-D64F2CDE5B2F}.Ad-Hoc|iPhone.Deploy.0 = Release|Any CPU
		{9E34C22F-AE6B-4CAC-BCB8-D64F2CDE5B2F}.Ad-Hoc|iPhoneSimulator.ActiveCfg = Release|Any CPU
		{9E34C22F-AE6B-4CAC-BCB8-D64F2CDE5B2F}.Ad-Hoc|iPhoneSimulator.Build.0 = Release|Any CPU
		{9E34C22F-AE6B-4CAC-BCB8-D64F2CDE5B2F}.Ad-Hoc|iPhoneSimulator.Deploy.0 = Release|Any CPU
		{9E34C22F-AE6B-4CAC-BCB8-D64F2CDE5B2F}.AppStore|Any CPU.ActiveCfg = Release|Any CPU
		{9E34C22F-AE6B-4CAC-BCB8-D64F2CDE5B2F}.AppStore|Any CPU.Build.0 = Release|Any CPU
		{9E34C22F-AE6B-4CAC-BCB8-D64F2CDE5B2F}.AppStore|Any CPU.Deploy.0 = Release|Any CPU
		{9E34C22F-AE6B-4CAC-BCB8-D64F2CDE5B2F}.AppStore|iPhone.ActiveCfg = Release|Any CPU
		{9E34C22F-AE6B-4CAC-BCB8-D64F2CDE5B2F}.AppStore|iPhone.Build.0 = Release|Any CPU
		{9E34C22F-AE6B-4CAC-BCB8-D64F2CDE5B2F}.AppStore|iPhone.Deploy.0 = Release|Any CPU
		{9E34C22F-AE6B-4CAC-BCB8-D64F2CDE5B2F}.AppStore|iPhoneSimulator.ActiveCfg = Release|Any CPU
		{9E34C22F-AE6B-4CAC-BCB8-D64F2CDE5B2F}.AppStore|iPhoneSimulator.Build.0 = Release|Any CPU
		{9E34C22F-AE6B-4CAC-BCB8-D64F2CDE5B2F}.AppStore|iPhoneSimulator.Deploy.0 = Release|Any CPU
		{9E34C22F-AE6B-4CAC-BCB8-D64F2CDE5B2F}.Debug|Any CPU.ActiveCfg = Debug|Any CPU
		{9E34C22F-AE6B-4CAC-BCB8-D64F2CDE5B2F}.Debug|Any CPU.Build.0 = Debug|Any CPU
		{9E34C22F-AE6B-4CAC-BCB8-D64F2CDE5B2F}.Debug|Any CPU.Deploy.0 = Debug|Any CPU
		{9E34C22F-AE6B-4CAC-BCB8-D64F2CDE5B2F}.Debug|iPhone.ActiveCfg = Debug|Any CPU
		{9E34C22F-AE6B-4CAC-BCB8-D64F2CDE5B2F}.Debug|iPhone.Build.0 = Debug|Any CPU
		{9E34C22F-AE6B-4CAC-BCB8-D64F2CDE5B2F}.Debug|iPhone.Deploy.0 = Debug|Any CPU
		{9E34C22F-AE6B-4CAC-BCB8-D64F2CDE5B2F}.Debug|iPhoneSimulator.ActiveCfg = Debug|Any CPU
		{9E34C22F-AE6B-4CAC-BCB8-D64F2CDE5B2F}.Debug|iPhoneSimulator.Build.0 = Debug|Any CPU
		{9E34C22F-AE6B-4CAC-BCB8-D64F2CDE5B2F}.Debug|iPhoneSimulator.Deploy.0 = Debug|Any CPU
		{9E34C22F-AE6B-4CAC-BCB8-D64F2CDE5B2F}.Release|Any CPU.ActiveCfg = Release|Any CPU
		{9E34C22F-AE6B-4CAC-BCB8-D64F2CDE5B2F}.Release|Any CPU.Build.0 = Release|Any CPU
		{9E34C22F-AE6B-4CAC-BCB8-D64F2CDE5B2F}.Release|Any CPU.Deploy.0 = Release|Any CPU
		{9E34C22F-AE6B-4CAC-BCB8-D64F2CDE5B2F}.Release|iPhone.ActiveCfg = Release|Any CPU
		{9E34C22F-AE6B-4CAC-BCB8-D64F2CDE5B2F}.Release|iPhone.Build.0 = Release|Any CPU
		{9E34C22F-AE6B-4CAC-BCB8-D64F2CDE5B2F}.Release|iPhone.Deploy.0 = Release|Any CPU
		{9E34C22F-AE6B-4CAC-BCB8-D64F2CDE5B2F}.Release|iPhoneSimulator.ActiveCfg = Release|Any CPU
		{9E34C22F-AE6B-4CAC-BCB8-D64F2CDE5B2F}.Release|iPhoneSimulator.Build.0 = Release|Any CPU
		{9E34C22F-AE6B-4CAC-BCB8-D64F2CDE5B2F}.Release|iPhoneSimulator.Deploy.0 = Release|Any CPU
		{722D2914-37F6-4F20-9921-DA74F06C5031}.Ad-Hoc|Any CPU.ActiveCfg = Ad-Hoc|iPhone
		{722D2914-37F6-4F20-9921-DA74F06C5031}.Ad-Hoc|iPhone.ActiveCfg = Ad-Hoc|iPhone
		{722D2914-37F6-4F20-9921-DA74F06C5031}.Ad-Hoc|iPhone.Build.0 = Ad-Hoc|iPhone
		{722D2914-37F6-4F20-9921-DA74F06C5031}.Ad-Hoc|iPhoneSimulator.ActiveCfg = Ad-Hoc|iPhoneSimulator
		{722D2914-37F6-4F20-9921-DA74F06C5031}.Ad-Hoc|iPhoneSimulator.Build.0 = Ad-Hoc|iPhoneSimulator
		{722D2914-37F6-4F20-9921-DA74F06C5031}.AppStore|Any CPU.ActiveCfg = AppStore|iPhone
		{722D2914-37F6-4F20-9921-DA74F06C5031}.AppStore|iPhone.ActiveCfg = AppStore|iPhone
		{722D2914-37F6-4F20-9921-DA74F06C5031}.AppStore|iPhone.Build.0 = AppStore|iPhone
		{722D2914-37F6-4F20-9921-DA74F06C5031}.AppStore|iPhoneSimulator.ActiveCfg = AppStore|iPhoneSimulator
		{722D2914-37F6-4F20-9921-DA74F06C5031}.AppStore|iPhoneSimulator.Build.0 = AppStore|iPhoneSimulator
		{722D2914-37F6-4F20-9921-DA74F06C5031}.Debug|Any CPU.ActiveCfg = Debug|iPhone
		{722D2914-37F6-4F20-9921-DA74F06C5031}.Debug|iPhone.ActiveCfg = Debug|iPhone
		{722D2914-37F6-4F20-9921-DA74F06C5031}.Debug|iPhone.Build.0 = Debug|iPhone
		{722D2914-37F6-4F20-9921-DA74F06C5031}.Debug|iPhoneSimulator.ActiveCfg = Debug|iPhoneSimulator
		{722D2914-37F6-4F20-9921-DA74F06C5031}.Debug|iPhoneSimulator.Build.0 = Debug|iPhoneSimulator
		{722D2914-37F6-4F20-9921-DA74F06C5031}.Release|Any CPU.ActiveCfg = Release|iPhone
		{722D2914-37F6-4F20-9921-DA74F06C5031}.Release|iPhone.ActiveCfg = Release|iPhone
		{722D2914-37F6-4F20-9921-DA74F06C5031}.Release|iPhone.Build.0 = Release|iPhone
		{722D2914-37F6-4F20-9921-DA74F06C5031}.Release|iPhoneSimulator.ActiveCfg = Release|iPhoneSimulator
		{722D2914-37F6-4F20-9921-DA74F06C5031}.Release|iPhoneSimulator.Build.0 = Release|iPhoneSimulator
	EndGlobalSection
	GlobalSection(SolutionProperties) = preSolution
		HideSolutionNode = FALSE
	EndGlobalSection
	GlobalSection(ExtensibilityGlobals) = postSolution
		SolutionGuid = {E05B1FE5-4087-435B-B067-35F911EEC228}
	EndGlobalSection
EndGlobal
